
Microsoft Visual Studio Solution File, Format Version 12.00
# Visual Studio 14
VisualStudioVersion = 14.0.25420.1
MinimumVisualStudioVersion = 10.0.40219.1
Project("{2150E333-8FDC-42A3-9474-1A3956D46DE8}") = "src", "src", "{7491F6D3-5497-4D3A-82C6-D0DFD67B4058}"
EndProject
Project("{2150E333-8FDC-42A3-9474-1A3956D46DE8}") = "Solution Items", "Solution Items", "{6E0E1790-A419-42C6-9199-9E465A364E24}"
	ProjectSection(SolutionItems) = preProject
		global.json = global.json
	EndProjectSection
EndProject
Project("{8BB2217D-0F2D-49D1-97BC-3654ED321F3B}") = "Auth.API", "src\Auth.API\Auth.API.xproj", "{B9BA13F9-4128-4F62-9E16-2038ED6B0647}"
EndProject
Project("{8BB2217D-0F2D-49D1-97BC-3654ED321F3B}") = "Auth.BusinessLogicLayer", "src\Auth.BusinessLogicLayer\Auth.BusinessLogicLayer.xproj", "{7B4EE43E-1259-4658-8A8F-878F1BABE400}"
EndProject
Project("{8BB2217D-0F2D-49D1-97BC-3654ED321F3B}") = "Auth.DataAccessLayer", "src\Auth.DataAccessLayer\Auth.DataAccessLayer.xproj", "{3AC027ED-BA87-4664-B156-BAE1432A0AF6}"
EndProject
Global
	GlobalSection(SolutionConfigurationPlatforms) = preSolution
		Debug|Any CPU = Debug|Any CPU
		Release|Any CPU = Release|Any CPU
	EndGlobalSection
	GlobalSection(ProjectConfigurationPlatforms) = postSolution
		{B9BA13F9-4128-4F62-9E16-2038ED6B0647}.Debug|Any CPU.ActiveCfg = Debug|Any CPU
		{B9BA13F9-4128-4F62-9E16-2038ED6B0647}.Debug|Any CPU.Build.0 = Debug|Any CPU
		{B9BA13F9-4128-4F62-9E16-2038ED6B0647}.Release|Any CPU.ActiveCfg = Release|Any CPU
		{B9BA13F9-4128-4F62-9E16-2038ED6B0647}.Release|Any CPU.Build.0 = Release|Any CPU
		{7B4EE43E-1259-4658-8A8F-878F1BABE400}.Debug|Any CPU.ActiveCfg = Debug|Any CPU
		{7B4EE43E-1259-4658-8A8F-878F1BABE400}.Debug|Any CPU.Build.0 = Debug|Any CPU
		{7B4EE43E-1259-4658-8A8F-878F1BABE400}.Release|Any CPU.ActiveCfg = Release|Any CPU
		{7B4EE43E-1259-4658-8A8F-878F1BABE400}.Release|Any CPU.Build.0 = Release|Any CPU
		{3AC027ED-BA87-4664-B156-BAE1432A0AF6}.Debug|Any CPU.ActiveCfg = Debug|Any CPU
		{3AC027ED-BA87-4664-B156-BAE1432A0AF6}.Debug|Any CPU.Build.0 = Debug|Any CPU
		{3AC027ED-BA87-4664-B156-BAE1432A0AF6}.Release|Any CPU.ActiveCfg = Release|Any CPU
		{3AC027ED-BA87-4664-B156-BAE1432A0AF6}.Release|Any CPU.Build.0 = Release|Any CPU
	EndGlobalSection
	GlobalSection(SolutionProperties) = preSolution
		HideSolutionNode = FALSE
	EndGlobalSection
	GlobalSection(NestedProjects) = preSolution
		{B9BA13F9-4128-4F62-9E16-2038ED6B0647} = {7491F6D3-5497-4D3A-82C6-D0DFD67B4058}
		{7B4EE43E-1259-4658-8A8F-878F1BABE400} = {7491F6D3-5497-4D3A-82C6-D0DFD67B4058}
		{3AC027ED-BA87-4664-B156-BAE1432A0AF6} = {7491F6D3-5497-4D3A-82C6-D0DFD67B4058}
	EndGlobalSection
EndGlobal
